// !$*UTF8*$!
{
	archiveVersion = 1;
	classes = {
	};
	objectVersion = 48;
	objects = {

/* Begin PBXBuildFile section */
		313057711F1279F3006331AB /* ChooseCityViewController.swift in Sources */ = {isa = PBXBuildFile; fileRef = 313057701F1279F3006331AB /* ChooseCityViewController.swift */; };
		31349E6A1F10DA5A0018B87C /* BaseService.swift in Sources */ = {isa = PBXBuildFile; fileRef = 31349E691F10DA5A0018B87C /* BaseService.swift */; };
		314986281F13758D00611D5C /* CurrentWeatherAssembly.swift in Sources */ = {isa = PBXBuildFile; fileRef = 314986271F13758D00611D5C /* CurrentWeatherAssembly.swift */; };
		3149862A1F13764200611D5C /* SwinjectStoryboard+Setup.swift in Sources */ = {isa = PBXBuildFile; fileRef = 314986291F13764200611D5C /* SwinjectStoryboard+Setup.swift */; };
		3149862C1F1376A400611D5C /* CurrentWeatherInteractor.swift in Sources */ = {isa = PBXBuildFile; fileRef = 3149862B1F1376A400611D5C /* CurrentWeatherInteractor.swift */; };
		3149862E1F1376BC00611D5C /* CurrentWeatherInteractorInput.swift in Sources */ = {isa = PBXBuildFile; fileRef = 3149862D1F1376BC00611D5C /* CurrentWeatherInteractorInput.swift */; };
		314986301F1376C700611D5C /* CurrentWeatherInteractorOutput.swift in Sources */ = {isa = PBXBuildFile; fileRef = 3149862F1F1376C700611D5C /* CurrentWeatherInteractorOutput.swift */; };
		315259BC1F10E64E00C4190E /* GetCurrentWeatherByCityNameOperation.swift in Sources */ = {isa = PBXBuildFile; fileRef = 315259BB1F10E64E00C4190E /* GetCurrentWeatherByCityNameOperation.swift */; };
		315259BE1F10E67800C4190E /* CurrentWeatherService.swift in Sources */ = {isa = PBXBuildFile; fileRef = 315259BD1F10E67800C4190E /* CurrentWeatherService.swift */; };
		315259C11F10E73800C4190E /* CurrentWeatherServiceImpl.swift in Sources */ = {isa = PBXBuildFile; fileRef = 315259C01F10E73800C4190E /* CurrentWeatherServiceImpl.swift */; };
		315259C51F10E88E00C4190E /* ApiConfig.swift in Sources */ = {isa = PBXBuildFile; fileRef = 315259C41F10E88E00C4190E /* ApiConfig.swift */; };
		3154D5361F1395D000784E52 /* Region.swift in Sources */ = {isa = PBXBuildFile; fileRef = 3154D5351F1395D000784E52 /* Region.swift */; };
		3154D7841F13BCE200784E52 /* CurrentWeatherModuleInput.swift in Sources */ = {isa = PBXBuildFile; fileRef = 3154D7831F13BCE200784E52 /* CurrentWeatherModuleInput.swift */; };
		3154D7861F13BFD100784E52 /* Flags.xcassets in Resources */ = {isa = PBXBuildFile; fileRef = 3154D7851F13BFD100784E52 /* Flags.xcassets */; };
		3154D7881F13C27C00784E52 /* WeatherIcons.xcassets in Resources */ = {isa = PBXBuildFile; fileRef = 3154D7871F13C27C00784E52 /* WeatherIcons.xcassets */; };
		316736E61F10244B00D554D7 /* AppDelegate.swift in Sources */ = {isa = PBXBuildFile; fileRef = 316736E51F10244B00D554D7 /* AppDelegate.swift */; };
		316736EB1F10244B00D554D7 /* Main.storyboard in Resources */ = {isa = PBXBuildFile; fileRef = 316736E91F10244B00D554D7 /* Main.storyboard */; };
		316736EE1F10244B00D554D7 /* OpenWeather.xcdatamodeld in Sources */ = {isa = PBXBuildFile; fileRef = 316736EC1F10244B00D554D7 /* OpenWeather.xcdatamodeld */; };
		316736F01F10244B00D554D7 /* Assets.xcassets in Resources */ = {isa = PBXBuildFile; fileRef = 316736EF1F10244B00D554D7 /* Assets.xcassets */; };
		316736F31F10244B00D554D7 /* LaunchScreen.storyboard in Resources */ = {isa = PBXBuildFile; fileRef = 316736F11F10244B00D554D7 /* LaunchScreen.storyboard */; };
		316736FE1F10244B00D554D7 /* OpenWeatherTests.swift in Sources */ = {isa = PBXBuildFile; fileRef = 316736FD1F10244B00D554D7 /* OpenWeatherTests.swift */; };
		3167370B1F1026B700D554D7 /* CurrentWeatherViewController.swift in Sources */ = {isa = PBXBuildFile; fileRef = 3167370A1F1026B700D554D7 /* CurrentWeatherViewController.swift */; };
		3167370D1F1026E600D554D7 /* ForecastViewController.swift in Sources */ = {isa = PBXBuildFile; fileRef = 3167370C1F1026E600D554D7 /* ForecastViewController.swift */; };
		316737111F102A8E00D554D7 /* WeatherMapViewController.swift in Sources */ = {isa = PBXBuildFile; fileRef = 316737101F102A8E00D554D7 /* WeatherMapViewController.swift */; };
		31784FFA1F10DD1B0082901A /* BaseApiOperation.swift in Sources */ = {isa = PBXBuildFile; fileRef = 31784FF91F10DD1B0082901A /* BaseApiOperation.swift */; };
		317FF3F61F10EFBC00ACE87E /* CurrentWeather.swift in Sources */ = {isa = PBXBuildFile; fileRef = 317FF3F51F10EFBC00ACE87E /* CurrentWeather.swift */; };
		317FF3F81F10EFDE00ACE87E /* ApiError.swift in Sources */ = {isa = PBXBuildFile; fileRef = 317FF3F71F10EFDE00ACE87E /* ApiError.swift */; };
		317FF3FA1F10F3DF00ACE87E /* Wind.swift in Sources */ = {isa = PBXBuildFile; fileRef = 317FF3F91F10F3DF00ACE87E /* Wind.swift */; };
		31DC9EAA1F112C730087E4C2 /* HighlightedView.swift in Sources */ = {isa = PBXBuildFile; fileRef = 31DC9EA91F112C730087E4C2 /* HighlightedView.swift */; };
		31E06AEB1F10FF2B00A9E174 /* UIViewController+Extension.swift in Sources */ = {isa = PBXBuildFile; fileRef = 31E06AEA1F10FF2B00A9E174 /* UIViewController+Extension.swift */; };
		31E06AED1F10FF5100A9E174 /* Constant.swift in Sources */ = {isa = PBXBuildFile; fileRef = 31E06AEC1F10FF5100A9E174 /* Constant.swift */; };
		31E06AF01F10FFC900A9E174 /* UIColor+Extension.swift in Sources */ = {isa = PBXBuildFile; fileRef = 31E06AEF1F10FFC900A9E174 /* UIColor+Extension.swift */; };
		31E06AF21F1108AD00A9E174 /* ResponseHandler.swift in Sources */ = {isa = PBXBuildFile; fileRef = 31E06AF11F1108AD00A9E174 /* ResponseHandler.swift */; };
		31E18A831F14EAC700974C1F /* ApplicationAssembly.swift in Sources */ = {isa = PBXBuildFile; fileRef = 31E18A821F14EAC700974C1F /* ApplicationAssembly.swift */; };
		31E3FA7B1F13C979005E663C /* ChooseCityAssembly.swift in Sources */ = {isa = PBXBuildFile; fileRef = 31E3FA7A1F13C979005E663C /* ChooseCityAssembly.swift */; };
		31E3FA7D1F13CA81005E663C /* ChooseCityInteractor.swift in Sources */ = {isa = PBXBuildFile; fileRef = 31E3FA7C1F13CA81005E663C /* ChooseCityInteractor.swift */; };
		31E3FA7F1F13CA9A005E663C /* ChooseCityInteractorInput.swift in Sources */ = {isa = PBXBuildFile; fileRef = 31E3FA7E1F13CA9A005E663C /* ChooseCityInteractorInput.swift */; };
		31E3FA811F13CAB5005E663C /* ChooseCityInteractorOutput.swift in Sources */ = {isa = PBXBuildFile; fileRef = 31E3FA801F13CAB5005E663C /* ChooseCityInteractorOutput.swift */; };
		31E3FA831F13CD16005E663C /* ChooseCityPresenter.swift in Sources */ = {isa = PBXBuildFile; fileRef = 31E3FA821F13CD16005E663C /* ChooseCityPresenter.swift */; };
		31E3FA851F13CD8D005E663C /* ChooseCityModuleInput.swift in Sources */ = {isa = PBXBuildFile; fileRef = 31E3FA841F13CD8D005E663C /* ChooseCityModuleInput.swift */; };
		31E3FA871F13CEB4005E663C /* ChooseCityRouter.swift in Sources */ = {isa = PBXBuildFile; fileRef = 31E3FA861F13CEB4005E663C /* ChooseCityRouter.swift */; };
		31E3FA891F13CEFD005E663C /* ChooseCityRouterInput.swift in Sources */ = {isa = PBXBuildFile; fileRef = 31E3FA881F13CEFD005E663C /* ChooseCityRouterInput.swift */; };
		31E3FA8B1F13CF72005E663C /* ChooseCityViewInput.swift in Sources */ = {isa = PBXBuildFile; fileRef = 31E3FA8A1F13CF72005E663C /* ChooseCityViewInput.swift */; };
		31E3FA8D1F13D02B005E663C /* ChooseCityViewOutput.swift in Sources */ = {isa = PBXBuildFile; fileRef = 31E3FA8C1F13D02B005E663C /* ChooseCityViewOutput.swift */; };
		31FFC1791F13779600E2A09A /* CurrentWeatherPresenter.swift in Sources */ = {isa = PBXBuildFile; fileRef = 31FFC1781F13779600E2A09A /* CurrentWeatherPresenter.swift */; };
		31FFC17B1F1377FC00E2A09A /* CurrentWeatherRouter.swift in Sources */ = {isa = PBXBuildFile; fileRef = 31FFC17A1F1377FC00E2A09A /* CurrentWeatherRouter.swift */; };
		31FFC17D1F13780700E2A09A /* CurrentWeatherRouterInput.swift in Sources */ = {isa = PBXBuildFile; fileRef = 31FFC17C1F13780700E2A09A /* CurrentWeatherRouterInput.swift */; };
		31FFC17F1F13786D00E2A09A /* CurrentWeatherViewInput.swift in Sources */ = {isa = PBXBuildFile; fileRef = 31FFC17E1F13786D00E2A09A /* CurrentWeatherViewInput.swift */; };
		31FFC1811F1378BC00E2A09A /* CurrentWeatherViewOutput.swift in Sources */ = {isa = PBXBuildFile; fileRef = 31FFC1801F1378BC00E2A09A /* CurrentWeatherViewOutput.swift */; };
		E0BC3FAAB8CB04F37AB7D651 /* Pods_OpenWeather.framework in Frameworks */ = {isa = PBXBuildFile; fileRef = 0FAEFEA154E72754406E138C /* Pods_OpenWeather.framework */; };
		F539CF28D3C53C13B0252D09 /* Pods_OpenWeatherTests.framework in Frameworks */ = {isa = PBXBuildFile; fileRef = E0DF335DE153CF62A02F228A /* Pods_OpenWeatherTests.framework */; };
/* End PBXBuildFile section */

/* Begin PBXContainerItemProxy section */
		316736FA1F10244B00D554D7 /* PBXContainerItemProxy */ = {
			isa = PBXContainerItemProxy;
			containerPortal = 316736DA1F10244B00D554D7 /* Project object */;
			proxyType = 1;
			remoteGlobalIDString = 316736E11F10244B00D554D7;
			remoteInfo = OpenWeather;
		};
/* End PBXContainerItemProxy section */

/* Begin PBXFileReference section */
		04EE79CE8A73518611B8F7F9 /* Pods-OpenWeatherTests.debug.xcconfig */ = {isa = PBXFileReference; includeInIndex = 1; lastKnownFileType = text.xcconfig; name = "Pods-OpenWeatherTests.debug.xcconfig"; path = "Pods/Target Support Files/Pods-OpenWeatherTests/Pods-OpenWeatherTests.debug.xcconfig"; sourceTree = "<group>"; };
		0FAEFEA154E72754406E138C /* Pods_OpenWeather.framework */ = {isa = PBXFileReference; explicitFileType = wrapper.framework; includeInIndex = 0; path = Pods_OpenWeather.framework; sourceTree = BUILT_PRODUCTS_DIR; };
		313057701F1279F3006331AB /* ChooseCityViewController.swift */ = {isa = PBXFileReference; fileEncoding = 4; lastKnownFileType = sourcecode.swift; path = ChooseCityViewController.swift; sourceTree = "<group>"; };
		31349E691F10DA5A0018B87C /* BaseService.swift */ = {isa = PBXFileReference; lastKnownFileType = sourcecode.swift; path = BaseService.swift; sourceTree = "<group>"; };
		314986271F13758D00611D5C /* CurrentWeatherAssembly.swift */ = {isa = PBXFileReference; fileEncoding = 4; lastKnownFileType = sourcecode.swift; path = CurrentWeatherAssembly.swift; sourceTree = "<group>"; };
		314986291F13764200611D5C /* SwinjectStoryboard+Setup.swift */ = {isa = PBXFileReference; fileEncoding = 4; lastKnownFileType = sourcecode.swift; path = "SwinjectStoryboard+Setup.swift"; sourceTree = "<group>"; };
		3149862B1F1376A400611D5C /* CurrentWeatherInteractor.swift */ = {isa = PBXFileReference; fileEncoding = 4; lastKnownFileType = sourcecode.swift; path = CurrentWeatherInteractor.swift; sourceTree = "<group>"; };
		3149862D1F1376BC00611D5C /* CurrentWeatherInteractorInput.swift */ = {isa = PBXFileReference; fileEncoding = 4; lastKnownFileType = sourcecode.swift; path = CurrentWeatherInteractorInput.swift; sourceTree = "<group>"; };
		3149862F1F1376C700611D5C /* CurrentWeatherInteractorOutput.swift */ = {isa = PBXFileReference; fileEncoding = 4; lastKnownFileType = sourcecode.swift; path = CurrentWeatherInteractorOutput.swift; sourceTree = "<group>"; };
		315259BB1F10E64E00C4190E /* GetCurrentWeatherByCityNameOperation.swift */ = {isa = PBXFileReference; lastKnownFileType = sourcecode.swift; path = GetCurrentWeatherByCityNameOperation.swift; sourceTree = "<group>"; };
		315259BD1F10E67800C4190E /* CurrentWeatherService.swift */ = {isa = PBXFileReference; lastKnownFileType = sourcecode.swift; path = CurrentWeatherService.swift; sourceTree = "<group>"; };
		315259C01F10E73800C4190E /* CurrentWeatherServiceImpl.swift */ = {isa = PBXFileReference; lastKnownFileType = sourcecode.swift; path = CurrentWeatherServiceImpl.swift; sourceTree = "<group>"; };
		315259C41F10E88E00C4190E /* ApiConfig.swift */ = {isa = PBXFileReference; lastKnownFileType = sourcecode.swift; path = ApiConfig.swift; sourceTree = "<group>"; };
		3154D5351F1395D000784E52 /* Region.swift */ = {isa = PBXFileReference; fileEncoding = 4; lastKnownFileType = sourcecode.swift; path = Region.swift; sourceTree = "<group>"; };
		3154D7811F13B9A300784E52 /* OpenWeather-Bridging-Header.h */ = {isa = PBXFileReference; fileEncoding = 4; lastKnownFileType = sourcecode.c.h; path = "OpenWeather-Bridging-Header.h"; sourceTree = "<group>"; };
		3154D7831F13BCE200784E52 /* CurrentWeatherModuleInput.swift */ = {isa = PBXFileReference; fileEncoding = 4; lastKnownFileType = sourcecode.swift; path = CurrentWeatherModuleInput.swift; sourceTree = "<group>"; };
		3154D7851F13BFD100784E52 /* Flags.xcassets */ = {isa = PBXFileReference; lastKnownFileType = folder.assetcatalog; path = Flags.xcassets; sourceTree = "<group>"; };
		3154D7871F13C27C00784E52 /* WeatherIcons.xcassets */ = {isa = PBXFileReference; lastKnownFileType = folder.assetcatalog; path = WeatherIcons.xcassets; sourceTree = "<group>"; };
		316736E21F10244B00D554D7 /* OpenWeather.app */ = {isa = PBXFileReference; explicitFileType = wrapper.application; includeInIndex = 0; path = OpenWeather.app; sourceTree = BUILT_PRODUCTS_DIR; };
		316736E51F10244B00D554D7 /* AppDelegate.swift */ = {isa = PBXFileReference; lastKnownFileType = sourcecode.swift; path = AppDelegate.swift; sourceTree = "<group>"; };
		316736EA1F10244B00D554D7 /* Base */ = {isa = PBXFileReference; lastKnownFileType = file.storyboard; name = Base; path = Base.lproj/Main.storyboard; sourceTree = "<group>"; };
		316736ED1F10244B00D554D7 /* OpenWeather.xcdatamodel */ = {isa = PBXFileReference; lastKnownFileType = wrapper.xcdatamodel; path = OpenWeather.xcdatamodel; sourceTree = "<group>"; };
		316736EF1F10244B00D554D7 /* Assets.xcassets */ = {isa = PBXFileReference; lastKnownFileType = folder.assetcatalog; path = Assets.xcassets; sourceTree = "<group>"; };
		316736F21F10244B00D554D7 /* Base */ = {isa = PBXFileReference; lastKnownFileType = file.storyboard; name = Base; path = Base.lproj/LaunchScreen.storyboard; sourceTree = "<group>"; };
		316736F41F10244B00D554D7 /* Info.plist */ = {isa = PBXFileReference; lastKnownFileType = text.plist.xml; path = Info.plist; sourceTree = "<group>"; };
		316736F91F10244B00D554D7 /* OpenWeatherTests.xctest */ = {isa = PBXFileReference; explicitFileType = wrapper.cfbundle; includeInIndex = 0; path = OpenWeatherTests.xctest; sourceTree = BUILT_PRODUCTS_DIR; };
		316736FD1F10244B00D554D7 /* OpenWeatherTests.swift */ = {isa = PBXFileReference; lastKnownFileType = sourcecode.swift; path = OpenWeatherTests.swift; sourceTree = "<group>"; };
		316736FF1F10244B00D554D7 /* Info.plist */ = {isa = PBXFileReference; lastKnownFileType = text.plist.xml; path = Info.plist; sourceTree = "<group>"; };
		3167370A1F1026B700D554D7 /* CurrentWeatherViewController.swift */ = {isa = PBXFileReference; lastKnownFileType = sourcecode.swift; path = CurrentWeatherViewController.swift; sourceTree = "<group>"; };
		3167370C1F1026E600D554D7 /* ForecastViewController.swift */ = {isa = PBXFileReference; lastKnownFileType = sourcecode.swift; path = ForecastViewController.swift; sourceTree = "<group>"; };
		316737101F102A8E00D554D7 /* WeatherMapViewController.swift */ = {isa = PBXFileReference; lastKnownFileType = sourcecode.swift; path = WeatherMapViewController.swift; sourceTree = "<group>"; };
		31784FF91F10DD1B0082901A /* BaseApiOperation.swift */ = {isa = PBXFileReference; lastKnownFileType = sourcecode.swift; path = BaseApiOperation.swift; sourceTree = "<group>"; };
		317FF3F51F10EFBC00ACE87E /* CurrentWeather.swift */ = {isa = PBXFileReference; lastKnownFileType = sourcecode.swift; path = CurrentWeather.swift; sourceTree = "<group>"; };
		317FF3F71F10EFDE00ACE87E /* ApiError.swift */ = {isa = PBXFileReference; lastKnownFileType = sourcecode.swift; path = ApiError.swift; sourceTree = "<group>"; };
		317FF3F91F10F3DF00ACE87E /* Wind.swift */ = {isa = PBXFileReference; lastKnownFileType = sourcecode.swift; path = Wind.swift; sourceTree = "<group>"; };
		31DC9EA91F112C730087E4C2 /* HighlightedView.swift */ = {isa = PBXFileReference; fileEncoding = 4; lastKnownFileType = sourcecode.swift; path = HighlightedView.swift; sourceTree = "<group>"; };
		31E06AEA1F10FF2B00A9E174 /* UIViewController+Extension.swift */ = {isa = PBXFileReference; lastKnownFileType = sourcecode.swift; path = "UIViewController+Extension.swift"; sourceTree = "<group>"; };
		31E06AEC1F10FF5100A9E174 /* Constant.swift */ = {isa = PBXFileReference; lastKnownFileType = sourcecode.swift; path = Constant.swift; sourceTree = "<group>"; };
		31E06AEF1F10FFC900A9E174 /* UIColor+Extension.swift */ = {isa = PBXFileReference; lastKnownFileType = sourcecode.swift; path = "UIColor+Extension.swift"; sourceTree = "<group>"; };
		31E06AF11F1108AD00A9E174 /* ResponseHandler.swift */ = {isa = PBXFileReference; lastKnownFileType = sourcecode.swift; path = ResponseHandler.swift; sourceTree = "<group>"; };
		31E18A821F14EAC700974C1F /* ApplicationAssembly.swift */ = {isa = PBXFileReference; fileEncoding = 4; lastKnownFileType = sourcecode.swift; path = ApplicationAssembly.swift; sourceTree = "<group>"; };
		31E3FA7A1F13C979005E663C /* ChooseCityAssembly.swift */ = {isa = PBXFileReference; fileEncoding = 4; lastKnownFileType = sourcecode.swift; path = ChooseCityAssembly.swift; sourceTree = "<group>"; };
		31E3FA7C1F13CA81005E663C /* ChooseCityInteractor.swift */ = {isa = PBXFileReference; fileEncoding = 4; lastKnownFileType = sourcecode.swift; path = ChooseCityInteractor.swift; sourceTree = "<group>"; };
		31E3FA7E1F13CA9A005E663C /* ChooseCityInteractorInput.swift */ = {isa = PBXFileReference; fileEncoding = 4; lastKnownFileType = sourcecode.swift; path = ChooseCityInteractorInput.swift; sourceTree = "<group>"; };
		31E3FA801F13CAB5005E663C /* ChooseCityInteractorOutput.swift */ = {isa = PBXFileReference; fileEncoding = 4; lastKnownFileType = sourcecode.swift; path = ChooseCityInteractorOutput.swift; sourceTree = "<group>"; };
		31E3FA821F13CD16005E663C /* ChooseCityPresenter.swift */ = {isa = PBXFileReference; fileEncoding = 4; lastKnownFileType = sourcecode.swift; path = ChooseCityPresenter.swift; sourceTree = "<group>"; };
		31E3FA841F13CD8D005E663C /* ChooseCityModuleInput.swift */ = {isa = PBXFileReference; fileEncoding = 4; lastKnownFileType = sourcecode.swift; path = ChooseCityModuleInput.swift; sourceTree = "<group>"; };
		31E3FA861F13CEB4005E663C /* ChooseCityRouter.swift */ = {isa = PBXFileReference; fileEncoding = 4; lastKnownFileType = sourcecode.swift; path = ChooseCityRouter.swift; sourceTree = "<group>"; };
		31E3FA881F13CEFD005E663C /* ChooseCityRouterInput.swift */ = {isa = PBXFileReference; fileEncoding = 4; lastKnownFileType = sourcecode.swift; path = ChooseCityRouterInput.swift; sourceTree = "<group>"; };
		31E3FA8A1F13CF72005E663C /* ChooseCityViewInput.swift */ = {isa = PBXFileReference; fileEncoding = 4; lastKnownFileType = sourcecode.swift; path = ChooseCityViewInput.swift; sourceTree = "<group>"; };
		31E3FA8C1F13D02B005E663C /* ChooseCityViewOutput.swift */ = {isa = PBXFileReference; fileEncoding = 4; lastKnownFileType = sourcecode.swift; path = ChooseCityViewOutput.swift; sourceTree = "<group>"; };
		31FFC1781F13779600E2A09A /* CurrentWeatherPresenter.swift */ = {isa = PBXFileReference; fileEncoding = 4; lastKnownFileType = sourcecode.swift; path = CurrentWeatherPresenter.swift; sourceTree = "<group>"; };
		31FFC17A1F1377FC00E2A09A /* CurrentWeatherRouter.swift */ = {isa = PBXFileReference; fileEncoding = 4; lastKnownFileType = sourcecode.swift; path = CurrentWeatherRouter.swift; sourceTree = "<group>"; };
		31FFC17C1F13780700E2A09A /* CurrentWeatherRouterInput.swift */ = {isa = PBXFileReference; fileEncoding = 4; lastKnownFileType = sourcecode.swift; path = CurrentWeatherRouterInput.swift; sourceTree = "<group>"; };
		31FFC17E1F13786D00E2A09A /* CurrentWeatherViewInput.swift */ = {isa = PBXFileReference; fileEncoding = 4; lastKnownFileType = sourcecode.swift; path = CurrentWeatherViewInput.swift; sourceTree = "<group>"; };
		31FFC1801F1378BC00E2A09A /* CurrentWeatherViewOutput.swift */ = {isa = PBXFileReference; fileEncoding = 4; lastKnownFileType = sourcecode.swift; path = CurrentWeatherViewOutput.swift; sourceTree = "<group>"; };
		BD2EF68290A6190C7E9598C8 /* Pods-OpenWeatherTests.release.xcconfig */ = {isa = PBXFileReference; includeInIndex = 1; lastKnownFileType = text.xcconfig; name = "Pods-OpenWeatherTests.release.xcconfig"; path = "Pods/Target Support Files/Pods-OpenWeatherTests/Pods-OpenWeatherTests.release.xcconfig"; sourceTree = "<group>"; };
		D4E8934AB28559BC11C24D9F /* Pods-OpenWeather.debug.xcconfig */ = {isa = PBXFileReference; includeInIndex = 1; lastKnownFileType = text.xcconfig; name = "Pods-OpenWeather.debug.xcconfig"; path = "Pods/Target Support Files/Pods-OpenWeather/Pods-OpenWeather.debug.xcconfig"; sourceTree = "<group>"; };
		E0DF335DE153CF62A02F228A /* Pods_OpenWeatherTests.framework */ = {isa = PBXFileReference; explicitFileType = wrapper.framework; includeInIndex = 0; path = Pods_OpenWeatherTests.framework; sourceTree = BUILT_PRODUCTS_DIR; };
		E19E7BE335D2425BAA460D36 /* Pods-OpenWeather.release.xcconfig */ = {isa = PBXFileReference; includeInIndex = 1; lastKnownFileType = text.xcconfig; name = "Pods-OpenWeather.release.xcconfig"; path = "Pods/Target Support Files/Pods-OpenWeather/Pods-OpenWeather.release.xcconfig"; sourceTree = "<group>"; };
/* End PBXFileReference section */

/* Begin PBXFrameworksBuildPhase section */
		316736DF1F10244B00D554D7 /* Frameworks */ = {
			isa = PBXFrameworksBuildPhase;
			buildActionMask = 2147483647;
			files = (
				E0BC3FAAB8CB04F37AB7D651 /* Pods_OpenWeather.framework in Frameworks */,
			);
			runOnlyForDeploymentPostprocessing = 0;
		};
		316736F61F10244B00D554D7 /* Frameworks */ = {
			isa = PBXFrameworksBuildPhase;
			buildActionMask = 2147483647;
			files = (
				F539CF28D3C53C13B0252D09 /* Pods_OpenWeatherTests.framework in Frameworks */,
			);
			runOnlyForDeploymentPostprocessing = 0;
		};
/* End PBXFrameworksBuildPhase section */

/* Begin PBXGroup section */
		311CE3B91F103382000C7EB0 /* VIPER */ = {
			isa = PBXGroup;
			children = (
				311CE3BA1F103386000C7EB0 /* Modules */,
			);
			name = VIPER;
			sourceTree = "<group>";
		};
		311CE3BA1F103386000C7EB0 /* Modules */ = {
			isa = PBXGroup;
			children = (
				315259B41F10E2BD00C4190E /* CurrentWeather */,
				3130576F1F1279CC006331AB /* ChooseCity */,
				319B49FE1F111B4D006D5927 /* Forecast */,
				319B49FF1F111B5C006D5927 /* WeatherMap */,
			);
			name = Modules;
			sourceTree = "<group>";
		};
		311CE3BB1F10338D000C7EB0 /* Resources */ = {
			isa = PBXGroup;
			children = (
				311CE3BC1F103396000C7EB0 /* Images */,
			);
			name = Resources;
			sourceTree = "<group>";
		};
		311CE3BC1F103396000C7EB0 /* Images */ = {
			isa = PBXGroup;
			children = (
				316736EF1F10244B00D554D7 /* Assets.xcassets */,
				3154D7851F13BFD100784E52 /* Flags.xcassets */,
				3154D7871F13C27C00784E52 /* WeatherIcons.xcassets */,
			);
			name = Images;
			sourceTree = "<group>";
		};
		3130576F1F1279CC006331AB /* ChooseCity */ = {
			isa = PBXGroup;
			children = (
				31E3FA761F13C8C0005E663C /* Assembly */,
				31E3FA771F13C8C8005E663C /* Interactor */,
				31E3FA781F13C8D1005E663C /* Presenter */,
				31E3FA791F13C8D9005E663C /* Router */,
				313057721F1285CB006331AB /* View */,
			);
			name = ChooseCity;
			sourceTree = "<group>";
		};
		313057721F1285CB006331AB /* View */ = {
			isa = PBXGroup;
			children = (
				313057701F1279F3006331AB /* ChooseCityViewController.swift */,
				31E3FA8A1F13CF72005E663C /* ChooseCityViewInput.swift */,
				31E3FA8C1F13D02B005E663C /* ChooseCityViewOutput.swift */,
			);
			name = View;
			sourceTree = "<group>";
		};
		31349E661F10D7460018B87C /* ServiceLayer */ = {
			isa = PBXGroup;
			children = (
				31349E681F10D9390018B87C /* Operations */,
				31349E671F10D9320018B87C /* Services */,
			);
			name = ServiceLayer;
			sourceTree = "<group>";
		};
		31349E671F10D9320018B87C /* Services */ = {
			isa = PBXGroup;
			children = (
				315259C21F10E76C00C4190E /* CurrentWeatherService */,
				31349E691F10DA5A0018B87C /* BaseService.swift */,
			);
			name = Services;
			sourceTree = "<group>";
		};
		31349E681F10D9390018B87C /* Operations */ = {
			isa = PBXGroup;
			children = (
				315259BF1F10E6A000C4190E /* CurrentWeather */,
				31784FF91F10DD1B0082901A /* BaseApiOperation.swift */,
			);
			name = Operations;
			sourceTree = "<group>";
		};
		315259B41F10E2BD00C4190E /* CurrentWeather */ = {
			isa = PBXGroup;
			children = (
				315259B51F10E2C600C4190E /* Assembly */,
				315259B61F10E2CC00C4190E /* Interactor */,
				315259B71F10E2E500C4190E /* Presenter */,
				315259B81F10E2EA00C4190E /* Router */,
				315259B91F10E2F700C4190E /* View */,
			);
			name = CurrentWeather;
			sourceTree = "<group>";
		};
		315259B51F10E2C600C4190E /* Assembly */ = {
			isa = PBXGroup;
			children = (
				314986271F13758D00611D5C /* CurrentWeatherAssembly.swift */,
			);
			name = Assembly;
			sourceTree = "<group>";
		};
		315259B61F10E2CC00C4190E /* Interactor */ = {
			isa = PBXGroup;
			children = (
				3149862B1F1376A400611D5C /* CurrentWeatherInteractor.swift */,
				3149862D1F1376BC00611D5C /* CurrentWeatherInteractorInput.swift */,
				3149862F1F1376C700611D5C /* CurrentWeatherInteractorOutput.swift */,
			);
			name = Interactor;
			sourceTree = "<group>";
		};
		315259B71F10E2E500C4190E /* Presenter */ = {
			isa = PBXGroup;
			children = (
				31FFC1781F13779600E2A09A /* CurrentWeatherPresenter.swift */,
				3154D7831F13BCE200784E52 /* CurrentWeatherModuleInput.swift */,
			);
			name = Presenter;
			sourceTree = "<group>";
		};
		315259B81F10E2EA00C4190E /* Router */ = {
			isa = PBXGroup;
			children = (
				31FFC17A1F1377FC00E2A09A /* CurrentWeatherRouter.swift */,
				31FFC17C1F13780700E2A09A /* CurrentWeatherRouterInput.swift */,
			);
			name = Router;
			sourceTree = "<group>";
		};
		315259B91F10E2F700C4190E /* View */ = {
			isa = PBXGroup;
			children = (
				3167370A1F1026B700D554D7 /* CurrentWeatherViewController.swift */,
				31FFC17E1F13786D00E2A09A /* CurrentWeatherViewInput.swift */,
				31FFC1801F1378BC00E2A09A /* CurrentWeatherViewOutput.swift */,
			);
			name = View;
			sourceTree = "<group>";
		};
		315259BA1F10E55A00C4190E /* DI */ = {
			isa = PBXGroup;
			children = (
				314986291F13764200611D5C /* SwinjectStoryboard+Setup.swift */,
				31E18A821F14EAC700974C1F /* ApplicationAssembly.swift */,
			);
			name = DI;
			sourceTree = "<group>";
		};
		315259BF1F10E6A000C4190E /* CurrentWeather */ = {
			isa = PBXGroup;
			children = (
				315259BB1F10E64E00C4190E /* GetCurrentWeatherByCityNameOperation.swift */,
			);
			name = CurrentWeather;
			sourceTree = "<group>";
		};
		315259C21F10E76C00C4190E /* CurrentWeatherService */ = {
			isa = PBXGroup;
			children = (
				315259BD1F10E67800C4190E /* CurrentWeatherService.swift */,
				315259C01F10E73800C4190E /* CurrentWeatherServiceImpl.swift */,
			);
			name = CurrentWeatherService;
			sourceTree = "<group>";
		};
		315259C31F10E79C00C4190E /* API */ = {
			isa = PBXGroup;
			children = (
				315259C41F10E88E00C4190E /* ApiConfig.swift */,
				317FF3F71F10EFDE00ACE87E /* ApiError.swift */,
				31E06AF11F1108AD00A9E174 /* ResponseHandler.swift */,
			);
			name = API;
			sourceTree = "<group>";
		};
		3154D7821F13B9B400784E52 /* ManagedObjects */ = {
			isa = PBXGroup;
			children = (
				316736EC1F10244B00D554D7 /* OpenWeather.xcdatamodeld */,
			);
			name = ManagedObjects;
			sourceTree = "<group>";
		};
		316736D91F10244B00D554D7 = {
			isa = PBXGroup;
			children = (
				316736E41F10244B00D554D7 /* OpenWeather */,
				316736FC1F10244B00D554D7 /* OpenWeatherTests */,
				316736E31F10244B00D554D7 /* Products */,
				921556896E0C8FD84891DD34 /* Pods */,
				A4F86F948E4AEA7257DA4EB9 /* Frameworks */,
			);
			sourceTree = "<group>";
		};
		316736E31F10244B00D554D7 /* Products */ = {
			isa = PBXGroup;
			children = (
				316736E21F10244B00D554D7 /* OpenWeather.app */,
				316736F91F10244B00D554D7 /* OpenWeatherTests.xctest */,
			);
			name = Products;
			sourceTree = "<group>";
		};
		316736E41F10244B00D554D7 /* OpenWeather */ = {
			isa = PBXGroup;
			children = (
				315259BA1F10E55A00C4190E /* DI */,
				311CE3B91F103382000C7EB0 /* VIPER */,
				31349E661F10D7460018B87C /* ServiceLayer */,
				31E06AF31F1109D400A9E174 /* Models */,
				315259C31F10E79C00C4190E /* API */,
				31E06AEE1F10FF6200A9E174 /* Extensions */,
				319B4A061F1122F5006D5927 /* Helpers */,
				311CE3BB1F10338D000C7EB0 /* Resources */,
				316736E51F10244B00D554D7 /* AppDelegate.swift */,
				316736E91F10244B00D554D7 /* Main.storyboard */,
				316736F11F10244B00D554D7 /* LaunchScreen.storyboard */,
				316736F41F10244B00D554D7 /* Info.plist */,
				3154D7811F13B9A300784E52 /* OpenWeather-Bridging-Header.h */,
			);
			path = OpenWeather;
			sourceTree = "<group>";
		};
		316736FC1F10244B00D554D7 /* OpenWeatherTests */ = {
			isa = PBXGroup;
			children = (
				316736FD1F10244B00D554D7 /* OpenWeatherTests.swift */,
				316736FF1F10244B00D554D7 /* Info.plist */,
			);
			path = OpenWeatherTests;
			sourceTree = "<group>";
		};
		319B49FE1F111B4D006D5927 /* Forecast */ = {
			isa = PBXGroup;
			children = (
				319B4A001F111B6F006D5927 /* View */,
			);
			name = Forecast;
			sourceTree = "<group>";
		};
		319B49FF1F111B5C006D5927 /* WeatherMap */ = {
			isa = PBXGroup;
			children = (
				319B4A011F111B77006D5927 /* View */,
			);
			name = WeatherMap;
			sourceTree = "<group>";
		};
		319B4A001F111B6F006D5927 /* View */ = {
			isa = PBXGroup;
			children = (
				3167370C1F1026E600D554D7 /* ForecastViewController.swift */,
			);
			name = View;
			sourceTree = "<group>";
		};
		319B4A011F111B77006D5927 /* View */ = {
			isa = PBXGroup;
			children = (
				316737101F102A8E00D554D7 /* WeatherMapViewController.swift */,
			);
			name = View;
			sourceTree = "<group>";
		};
		319B4A061F1122F5006D5927 /* Helpers */ = {
			isa = PBXGroup;
			children = (
				31DC9EA81F112C0E0087E4C2 /* Views */,
				31E06AE91F10FF1000A9E174 /* Utils */,
			);
			name = Helpers;
			sourceTree = "<group>";
		};
		31DC9EA81F112C0E0087E4C2 /* Views */ = {
			isa = PBXGroup;
			children = (
				31DC9EA91F112C730087E4C2 /* HighlightedView.swift */,
			);
			name = Views;
			sourceTree = "<group>";
		};
		31E06AE91F10FF1000A9E174 /* Utils */ = {
			isa = PBXGroup;
			children = (
				31E06AEC1F10FF5100A9E174 /* Constant.swift */,
			);
			name = Utils;
			sourceTree = "<group>";
		};
		31E06AEE1F10FF6200A9E174 /* Extensions */ = {
			isa = PBXGroup;
			children = (
				31E06AEA1F10FF2B00A9E174 /* UIViewController+Extension.swift */,
				31E06AEF1F10FFC900A9E174 /* UIColor+Extension.swift */,
			);
			name = Extensions;
			sourceTree = "<group>";
		};
		31E06AF31F1109D400A9E174 /* Models */ = {
			isa = PBXGroup;
			children = (
				3154D7821F13B9B400784E52 /* ManagedObjects */,
				317FF3F51F10EFBC00ACE87E /* CurrentWeather.swift */,
				317FF3F91F10F3DF00ACE87E /* Wind.swift */,
				3154D5351F1395D000784E52 /* Region.swift */,
			);
			name = Models;
			sourceTree = "<group>";
		};
		31E3FA761F13C8C0005E663C /* Assembly */ = {
			isa = PBXGroup;
			children = (
				31E3FA7A1F13C979005E663C /* ChooseCityAssembly.swift */,
			);
			name = Assembly;
			sourceTree = "<group>";
		};
		31E3FA771F13C8C8005E663C /* Interactor */ = {
			isa = PBXGroup;
			children = (
				31E3FA7C1F13CA81005E663C /* ChooseCityInteractor.swift */,
				31E3FA7E1F13CA9A005E663C /* ChooseCityInteractorInput.swift */,
				31E3FA801F13CAB5005E663C /* ChooseCityInteractorOutput.swift */,
			);
			name = Interactor;
			sourceTree = "<group>";
		};
		31E3FA781F13C8D1005E663C /* Presenter */ = {
			isa = PBXGroup;
			children = (
				31E3FA821F13CD16005E663C /* ChooseCityPresenter.swift */,
				31E3FA841F13CD8D005E663C /* ChooseCityModuleInput.swift */,
			);
			name = Presenter;
			sourceTree = "<group>";
		};
		31E3FA791F13C8D9005E663C /* Router */ = {
			isa = PBXGroup;
			children = (
				31E3FA861F13CEB4005E663C /* ChooseCityRouter.swift */,
				31E3FA881F13CEFD005E663C /* ChooseCityRouterInput.swift */,
			);
			name = Router;
			sourceTree = "<group>";
		};
		921556896E0C8FD84891DD34 /* Pods */ = {
			isa = PBXGroup;
			children = (
				D4E8934AB28559BC11C24D9F /* Pods-OpenWeather.debug.xcconfig */,
				E19E7BE335D2425BAA460D36 /* Pods-OpenWeather.release.xcconfig */,
				04EE79CE8A73518611B8F7F9 /* Pods-OpenWeatherTests.debug.xcconfig */,
				BD2EF68290A6190C7E9598C8 /* Pods-OpenWeatherTests.release.xcconfig */,
			);
			name = Pods;
			sourceTree = "<group>";
		};
		A4F86F948E4AEA7257DA4EB9 /* Frameworks */ = {
			isa = PBXGroup;
			children = (
				0FAEFEA154E72754406E138C /* Pods_OpenWeather.framework */,
				E0DF335DE153CF62A02F228A /* Pods_OpenWeatherTests.framework */,
			);
			name = Frameworks;
			sourceTree = "<group>";
		};
/* End PBXGroup section */

/* Begin PBXNativeTarget section */
		316736E11F10244B00D554D7 /* OpenWeather */ = {
			isa = PBXNativeTarget;
			buildConfigurationList = 316737021F10244B00D554D7 /* Build configuration list for PBXNativeTarget "OpenWeather" */;
			buildPhases = (
				E83CA44C35BA7058E33FEBAC /* [CP] Check Pods Manifest.lock */,
				316736DE1F10244B00D554D7 /* Sources */,
				316736DF1F10244B00D554D7 /* Frameworks */,
				316736E01F10244B00D554D7 /* Resources */,
				1CB5582F6A1805620694F43D /* [CP] Embed Pods Frameworks */,
				9A23532F7BB995F2C55ABF48 /* [CP] Copy Pods Resources */,
			);
			buildRules = (
			);
			dependencies = (
			);
			name = OpenWeather;
			productName = OpenWeather;
			productReference = 316736E21F10244B00D554D7 /* OpenWeather.app */;
			productType = "com.apple.product-type.application";
		};
		316736F81F10244B00D554D7 /* OpenWeatherTests */ = {
			isa = PBXNativeTarget;
			buildConfigurationList = 316737051F10244B00D554D7 /* Build configuration list for PBXNativeTarget "OpenWeatherTests" */;
			buildPhases = (
				CD2F382343B13DD4E3D20432 /* [CP] Check Pods Manifest.lock */,
				316736F51F10244B00D554D7 /* Sources */,
				316736F61F10244B00D554D7 /* Frameworks */,
				316736F71F10244B00D554D7 /* Resources */,
				85C913FB41DDB06B9BB19573 /* [CP] Embed Pods Frameworks */,
				2E4A0DD46C7E017268AE33E7 /* [CP] Copy Pods Resources */,
			);
			buildRules = (
			);
			dependencies = (
				316736FB1F10244B00D554D7 /* PBXTargetDependency */,
			);
			name = OpenWeatherTests;
			productName = OpenWeatherTests;
			productReference = 316736F91F10244B00D554D7 /* OpenWeatherTests.xctest */;
			productType = "com.apple.product-type.bundle.unit-test";
		};
/* End PBXNativeTarget section */

/* Begin PBXProject section */
		316736DA1F10244B00D554D7 /* Project object */ = {
			isa = PBXProject;
			attributes = {
				LastSwiftUpdateCheck = 0900;
				LastUpgradeCheck = 0900;
				ORGANIZATIONNAME = Dre;
				TargetAttributes = {
					316736E11F10244B00D554D7 = {
						CreatedOnToolsVersion = 9.0;
					};
					316736F81F10244B00D554D7 = {
						CreatedOnToolsVersion = 9.0;
						TestTargetID = 316736E11F10244B00D554D7;
					};
				};
			};
			buildConfigurationList = 316736DD1F10244B00D554D7 /* Build configuration list for PBXProject "OpenWeather" */;
			compatibilityVersion = "Xcode 8.0";
			developmentRegion = en;
			hasScannedForEncodings = 0;
			knownRegions = (
				en,
				Base,
			);
			mainGroup = 316736D91F10244B00D554D7;
			productRefGroup = 316736E31F10244B00D554D7 /* Products */;
			projectDirPath = "";
			projectRoot = "";
			targets = (
				316736E11F10244B00D554D7 /* OpenWeather */,
				316736F81F10244B00D554D7 /* OpenWeatherTests */,
			);
		};
/* End PBXProject section */

/* Begin PBXResourcesBuildPhase section */
		316736E01F10244B00D554D7 /* Resources */ = {
			isa = PBXResourcesBuildPhase;
			buildActionMask = 2147483647;
			files = (
				316736F31F10244B00D554D7 /* LaunchScreen.storyboard in Resources */,
				3154D7861F13BFD100784E52 /* Flags.xcassets in Resources */,
				316736F01F10244B00D554D7 /* Assets.xcassets in Resources */,
				3154D7881F13C27C00784E52 /* WeatherIcons.xcassets in Resources */,
				316736EB1F10244B00D554D7 /* Main.storyboard in Resources */,
			);
			runOnlyForDeploymentPostprocessing = 0;
		};
		316736F71F10244B00D554D7 /* Resources */ = {
			isa = PBXResourcesBuildPhase;
			buildActionMask = 2147483647;
			files = (
			);
			runOnlyForDeploymentPostprocessing = 0;
		};
/* End PBXResourcesBuildPhase section */

/* Begin PBXShellScriptBuildPhase section */
		1CB5582F6A1805620694F43D /* [CP] Embed Pods Frameworks */ = {
			isa = PBXShellScriptBuildPhase;
			buildActionMask = 2147483647;
			files = (
			);
			inputPaths = (
			);
			name = "[CP] Embed Pods Frameworks";
			outputPaths = (
			);
			runOnlyForDeploymentPostprocessing = 0;
			shellPath = /bin/sh;
			shellScript = "\"${SRCROOT}/Pods/Target Support Files/Pods-OpenWeather/Pods-OpenWeather-frameworks.sh\"\n";
			showEnvVarsInLog = 0;
		};
		2E4A0DD46C7E017268AE33E7 /* [CP] Copy Pods Resources */ = {
			isa = PBXShellScriptBuildPhase;
			buildActionMask = 2147483647;
			files = (
			);
			inputPaths = (
			);
			name = "[CP] Copy Pods Resources";
			outputPaths = (
			);
			runOnlyForDeploymentPostprocessing = 0;
			shellPath = /bin/sh;
			shellScript = "\"${SRCROOT}/Pods/Target Support Files/Pods-OpenWeatherTests/Pods-OpenWeatherTests-resources.sh\"\n";
			showEnvVarsInLog = 0;
		};
		85C913FB41DDB06B9BB19573 /* [CP] Embed Pods Frameworks */ = {
			isa = PBXShellScriptBuildPhase;
			buildActionMask = 2147483647;
			files = (
			);
			inputPaths = (
			);
			name = "[CP] Embed Pods Frameworks";
			outputPaths = (
			);
			runOnlyForDeploymentPostprocessing = 0;
			shellPath = /bin/sh;
			shellScript = "\"${SRCROOT}/Pods/Target Support Files/Pods-OpenWeatherTests/Pods-OpenWeatherTests-frameworks.sh\"\n";
			showEnvVarsInLog = 0;
		};
		9A23532F7BB995F2C55ABF48 /* [CP] Copy Pods Resources */ = {
			isa = PBXShellScriptBuildPhase;
			buildActionMask = 2147483647;
			files = (
			);
			inputPaths = (
			);
			name = "[CP] Copy Pods Resources";
			outputPaths = (
			);
			runOnlyForDeploymentPostprocessing = 0;
			shellPath = /bin/sh;
			shellScript = "\"${SRCROOT}/Pods/Target Support Files/Pods-OpenWeather/Pods-OpenWeather-resources.sh\"\n";
			showEnvVarsInLog = 0;
		};
		CD2F382343B13DD4E3D20432 /* [CP] Check Pods Manifest.lock */ = {
			isa = PBXShellScriptBuildPhase;
			buildActionMask = 2147483647;
			files = (
			);
			inputPaths = (
			);
			name = "[CP] Check Pods Manifest.lock";
			outputPaths = (
			);
			runOnlyForDeploymentPostprocessing = 0;
			shellPath = /bin/sh;
			shellScript = "diff \"${PODS_PODFILE_DIR_PATH}/Podfile.lock\" \"${PODS_ROOT}/Manifest.lock\" > /dev/null\nif [ $? != 0 ] ; then\n    # print error to STDERR\n    echo \"error: The sandbox is not in sync with the Podfile.lock. Run 'pod install' or update your CocoaPods installation.\" >&2\n    exit 1\nfi\n";
			showEnvVarsInLog = 0;
		};
		E83CA44C35BA7058E33FEBAC /* [CP] Check Pods Manifest.lock */ = {
			isa = PBXShellScriptBuildPhase;
			buildActionMask = 2147483647;
			files = (
			);
			inputPaths = (
			);
			name = "[CP] Check Pods Manifest.lock";
			outputPaths = (
			);
			runOnlyForDeploymentPostprocessing = 0;
			shellPath = /bin/sh;
			shellScript = "diff \"${PODS_PODFILE_DIR_PATH}/Podfile.lock\" \"${PODS_ROOT}/Manifest.lock\" > /dev/null\nif [ $? != 0 ] ; then\n    # print error to STDERR\n    echo \"error: The sandbox is not in sync with the Podfile.lock. Run 'pod install' or update your CocoaPods installation.\" >&2\n    exit 1\nfi\n";
			showEnvVarsInLog = 0;
		};
/* End PBXShellScriptBuildPhase section */

/* Begin PBXSourcesBuildPhase section */
		316736DE1F10244B00D554D7 /* Sources */ = {
			isa = PBXSourcesBuildPhase;
			buildActionMask = 2147483647;
			files = (
				316736EE1F10244B00D554D7 /* OpenWeather.xcdatamodeld in Sources */,
				3149862A1F13764200611D5C /* SwinjectStoryboard+Setup.swift in Sources */,
				31FFC17F1F13786D00E2A09A /* CurrentWeatherViewInput.swift in Sources */,
				3154D7841F13BCE200784E52 /* CurrentWeatherModuleInput.swift in Sources */,
				3154D5361F1395D000784E52 /* Region.swift in Sources */,
				31E3FA8D1F13D02B005E663C /* ChooseCityViewOutput.swift in Sources */,
				31FFC17B1F1377FC00E2A09A /* CurrentWeatherRouter.swift in Sources */,
				31E3FA8B1F13CF72005E663C /* ChooseCityViewInput.swift in Sources */,
				3167370D1F1026E600D554D7 /* ForecastViewController.swift in Sources */,
				31E3FA7F1F13CA9A005E663C /* ChooseCityInteractorInput.swift in Sources */,
				315259C51F10E88E00C4190E /* ApiConfig.swift in Sources */,
				3149862E1F1376BC00611D5C /* CurrentWeatherInteractorInput.swift in Sources */,
				31DC9EAA1F112C730087E4C2 /* HighlightedView.swift in Sources */,
				31E06AED1F10FF5100A9E174 /* Constant.swift in Sources */,
				31E3FA7B1F13C979005E663C /* ChooseCityAssembly.swift in Sources */,
				31FFC1791F13779600E2A09A /* CurrentWeatherPresenter.swift in Sources */,
				31E06AF01F10FFC900A9E174 /* UIColor+Extension.swift in Sources */,
				313057711F1279F3006331AB /* ChooseCityViewController.swift in Sources */,
				31E06AEB1F10FF2B00A9E174 /* UIViewController+Extension.swift in Sources */,
				316737111F102A8E00D554D7 /* WeatherMapViewController.swift in Sources */,
				314986301F1376C700611D5C /* CurrentWeatherInteractorOutput.swift in Sources */,
				315259BC1F10E64E00C4190E /* GetCurrentWeatherByCityNameOperation.swift in Sources */,
				316736E61F10244B00D554D7 /* AppDelegate.swift in Sources */,
				314986281F13758D00611D5C /* CurrentWeatherAssembly.swift in Sources */,
				31349E6A1F10DA5A0018B87C /* BaseService.swift in Sources */,
				315259BE1F10E67800C4190E /* CurrentWeatherService.swift in Sources */,
				31E06AF21F1108AD00A9E174 /* ResponseHandler.swift in Sources */,
				31E3FA891F13CEFD005E663C /* ChooseCityRouterInput.swift in Sources */,
				31E3FA831F13CD16005E663C /* ChooseCityPresenter.swift in Sources */,
				3149862C1F1376A400611D5C /* CurrentWeatherInteractor.swift in Sources */,
				315259C11F10E73800C4190E /* CurrentWeatherServiceImpl.swift in Sources */,
				31FFC17D1F13780700E2A09A /* CurrentWeatherRouterInput.swift in Sources */,
				317FF3FA1F10F3DF00ACE87E /* Wind.swift in Sources */,
				31E3FA7D1F13CA81005E663C /* ChooseCityInteractor.swift in Sources */,
				31E3FA811F13CAB5005E663C /* ChooseCityInteractorOutput.swift in Sources */,
				3167370B1F1026B700D554D7 /* CurrentWeatherViewController.swift in Sources */,
				31E3FA871F13CEB4005E663C /* ChooseCityRouter.swift in Sources */,
				31FFC1811F1378BC00E2A09A /* CurrentWeatherViewOutput.swift in Sources */,
				31E3FA851F13CD8D005E663C /* ChooseCityModuleInput.swift in Sources */,
				317FF3F61F10EFBC00ACE87E /* CurrentWeather.swift in Sources */,
				317FF3F81F10EFDE00ACE87E /* ApiError.swift in Sources */,
				31E18A831F14EAC700974C1F /* ApplicationAssembly.swift in Sources */,
				31784FFA1F10DD1B0082901A /* BaseApiOperation.swift in Sources */,
			);
			runOnlyForDeploymentPostprocessing = 0;
		};
		316736F51F10244B00D554D7 /* Sources */ = {
			isa = PBXSourcesBuildPhase;
			buildActionMask = 2147483647;
			files = (
				316736FE1F10244B00D554D7 /* OpenWeatherTests.swift in Sources */,
			);
			runOnlyForDeploymentPostprocessing = 0;
		};
/* End PBXSourcesBuildPhase section */

/* Begin PBXTargetDependency section */
		316736FB1F10244B00D554D7 /* PBXTargetDependency */ = {
			isa = PBXTargetDependency;
			target = 316736E11F10244B00D554D7 /* OpenWeather */;
			targetProxy = 316736FA1F10244B00D554D7 /* PBXContainerItemProxy */;
		};
/* End PBXTargetDependency section */

/* Begin PBXVariantGroup section */
		316736E91F10244B00D554D7 /* Main.storyboard */ = {
			isa = PBXVariantGroup;
			children = (
				316736EA1F10244B00D554D7 /* Base */,
			);
			name = Main.storyboard;
			sourceTree = "<group>";
		};
		316736F11F10244B00D554D7 /* LaunchScreen.storyboard */ = {
			isa = PBXVariantGroup;
			children = (
				316736F21F10244B00D554D7 /* Base */,
			);
			name = LaunchScreen.storyboard;
			sourceTree = "<group>";
		};
/* End PBXVariantGroup section */

/* Begin XCBuildConfiguration section */
		316737001F10244B00D554D7 /* Debug */ = {
			isa = XCBuildConfiguration;
			buildSettings = {
				ALWAYS_SEARCH_USER_PATHS = NO;
				CLANG_ANALYZER_NONNULL = YES;
				CLANG_ANALYZER_NUMBER_OBJECT_CONVERSION = YES_AGGRESSIVE;
				CLANG_CXX_LANGUAGE_STANDARD = "gnu++14";
				CLANG_CXX_LIBRARY = "libc++";
				CLANG_ENABLE_MODULES = YES;
				CLANG_ENABLE_OBJC_ARC = YES;
				CLANG_WARN_BLOCK_CAPTURE_AUTORELEASING = YES;
				CLANG_WARN_BOOL_CONVERSION = YES;
				CLANG_WARN_COMMA = YES;
				CLANG_WARN_CONSTANT_CONVERSION = YES;
				CLANG_WARN_DIRECT_OBJC_ISA_USAGE = YES_ERROR;
				CLANG_WARN_DOCUMENTATION_COMMENTS = YES;
				CLANG_WARN_EMPTY_BODY = YES;
				CLANG_WARN_ENUM_CONVERSION = YES;
				CLANG_WARN_INFINITE_RECURSION = YES;
				CLANG_WARN_INT_CONVERSION = YES;
				CLANG_WARN_OBJC_ROOT_CLASS = YES_ERROR;
				CLANG_WARN_RANGE_LOOP_ANALYSIS = YES;
				CLANG_WARN_STRICT_PROTOTYPES = YES;
				CLANG_WARN_SUSPICIOUS_MOVE = YES;
				CLANG_WARN_UNGUARDED_AVAILABILITY = YES_AGGRESSIVE;
				CLANG_WARN_UNREACHABLE_CODE = YES;
				CLANG_WARN__DUPLICATE_METHOD_MATCH = YES;
				CODE_SIGN_IDENTITY = "iPhone Developer";
				COPY_PHASE_STRIP = NO;
				DEBUG_INFORMATION_FORMAT = dwarf;
				ENABLE_STRICT_OBJC_MSGSEND = YES;
				ENABLE_TESTABILITY = YES;
				GCC_C_LANGUAGE_STANDARD = gnu11;
				GCC_DYNAMIC_NO_PIC = NO;
				GCC_NO_COMMON_BLOCKS = YES;
				GCC_OPTIMIZATION_LEVEL = 0;
				GCC_PREPROCESSOR_DEFINITIONS = (
					"DEBUG=1",
					"$(inherited)",
				);
				GCC_WARN_64_TO_32_BIT_CONVERSION = YES;
				GCC_WARN_ABOUT_RETURN_TYPE = YES_ERROR;
				GCC_WARN_UNDECLARED_SELECTOR = YES;
				GCC_WARN_UNINITIALIZED_AUTOS = YES_AGGRESSIVE;
				GCC_WARN_UNUSED_FUNCTION = YES;
				GCC_WARN_UNUSED_VARIABLE = YES;
				IPHONEOS_DEPLOYMENT_TARGET = 10.0;
				MTL_ENABLE_DEBUG_INFO = YES;
				ONLY_ACTIVE_ARCH = YES;
				SDKROOT = iphoneos;
				SWIFT_ACTIVE_COMPILATION_CONDITIONS = DEBUG;
				SWIFT_OPTIMIZATION_LEVEL = "-Onone";
			};
			name = Debug;
		};
		316737011F10244B00D554D7 /* Release */ = {
			isa = XCBuildConfiguration;
			buildSettings = {
				ALWAYS_SEARCH_USER_PATHS = NO;
				CLANG_ANALYZER_NONNULL = YES;
				CLANG_ANALYZER_NUMBER_OBJECT_CONVERSION = YES_AGGRESSIVE;
				CLANG_CXX_LANGUAGE_STANDARD = "gnu++14";
				CLANG_CXX_LIBRARY = "libc++";
				CLANG_ENABLE_MODULES = YES;
				CLANG_ENABLE_OBJC_ARC = YES;
				CLANG_WARN_BLOCK_CAPTURE_AUTORELEASING = YES;
				CLANG_WARN_BOOL_CONVERSION = YES;
				CLANG_WARN_COMMA = YES;
				CLANG_WARN_CONSTANT_CONVERSION = YES;
				CLANG_WARN_DIRECT_OBJC_ISA_USAGE = YES_ERROR;
				CLANG_WARN_DOCUMENTATION_COMMENTS = YES;
				CLANG_WARN_EMPTY_BODY = YES;
				CLANG_WARN_ENUM_CONVERSION = YES;
				CLANG_WARN_INFINITE_RECURSION = YES;
				CLANG_WARN_INT_CONVERSION = YES;
				CLANG_WARN_OBJC_ROOT_CLASS = YES_ERROR;
				CLANG_WARN_RANGE_LOOP_ANALYSIS = YES;
				CLANG_WARN_STRICT_PROTOTYPES = YES;
				CLANG_WARN_SUSPICIOUS_MOVE = YES;
				CLANG_WARN_UNGUARDED_AVAILABILITY = YES_AGGRESSIVE;
				CLANG_WARN_UNREACHABLE_CODE = YES;
				CLANG_WARN__DUPLICATE_METHOD_MATCH = YES;
				CODE_SIGN_IDENTITY = "iPhone Developer";
				COPY_PHASE_STRIP = NO;
				DEBUG_INFORMATION_FORMAT = "dwarf-with-dsym";
				ENABLE_NS_ASSERTIONS = NO;
				ENABLE_STRICT_OBJC_MSGSEND = YES;
				GCC_C_LANGUAGE_STANDARD = gnu11;
				GCC_NO_COMMON_BLOCKS = YES;
				GCC_WARN_64_TO_32_BIT_CONVERSION = YES;
				GCC_WARN_ABOUT_RETURN_TYPE = YES_ERROR;
				GCC_WARN_UNDECLARED_SELECTOR = YES;
				GCC_WARN_UNINITIALIZED_AUTOS = YES_AGGRESSIVE;
				GCC_WARN_UNUSED_FUNCTION = YES;
				GCC_WARN_UNUSED_VARIABLE = YES;
				IPHONEOS_DEPLOYMENT_TARGET = 10.0;
				MTL_ENABLE_DEBUG_INFO = NO;
				SDKROOT = iphoneos;
				SWIFT_OPTIMIZATION_LEVEL = "-Owholemodule";
				VALIDATE_PRODUCT = YES;
			};
			name = Release;
		};
		316737031F10244B00D554D7 /* Debug */ = {
			isa = XCBuildConfiguration;
			baseConfigurationReference = D4E8934AB28559BC11C24D9F /* Pods-OpenWeather.debug.xcconfig */;
			buildSettings = {
				ASSETCATALOG_COMPILER_APPICON_NAME = AppIcon;
				DEVELOPMENT_TEAM = 8HJX262N96;
				INFOPLIST_FILE = OpenWeather/Info.plist;
				LD_RUNPATH_SEARCH_PATHS = "$(inherited) @executable_path/Frameworks";
				PRODUCT_BUNDLE_IDENTIFIER = com.osfalt.OpenWeather;
				PRODUCT_NAME = "$(TARGET_NAME)";
				SWIFT_OBJC_BRIDGING_HEADER = "OpenWeather/OpenWeather-Bridging-Header.h";
				SWIFT_VERSION = 3.0;
				TARGETED_DEVICE_FAMILY = "1,2";
			};
			name = Debug;
		};
		316737041F10244B00D554D7 /* Release */ = {
			isa = XCBuildConfiguration;
			baseConfigurationReference = E19E7BE335D2425BAA460D36 /* Pods-OpenWeather.release.xcconfig */;
			buildSettings = {
				ASSETCATALOG_COMPILER_APPICON_NAME = AppIcon;
				DEVELOPMENT_TEAM = 8HJX262N96;
				INFOPLIST_FILE = OpenWeather/Info.plist;
				LD_RUNPATH_SEARCH_PATHS = "$(inherited) @executable_path/Frameworks";
				PRODUCT_BUNDLE_IDENTIFIER = com.osfalt.OpenWeather;
				PRODUCT_NAME = "$(TARGET_NAME)";
				SWIFT_OBJC_BRIDGING_HEADER = "OpenWeather/OpenWeather-Bridging-Header.h";
				SWIFT_VERSION = 3.0;
				TARGETED_DEVICE_FAMILY = "1,2";
			};
			name = Release;
		};
		316737061F10244B00D554D7 /* Debug */ = {
			isa = XCBuildConfiguration;
			baseConfigurationReference = 04EE79CE8A73518611B8F7F9 /* Pods-OpenWeatherTests.debug.xcconfig */;
			buildSettings = {
				ALWAYS_EMBED_SWIFT_STANDARD_LIBRARIES = "$(inherited)";
				BUNDLE_LOADER = "$(TEST_HOST)";
				DEVELOPMENT_TEAM = 8HJX262N96;
				INFOPLIST_FILE = OpenWeatherTests/Info.plist;
				LD_RUNPATH_SEARCH_PATHS = "$(inherited) @executable_path/Frameworks @loader_path/Frameworks";
				PRODUCT_BUNDLE_IDENTIFIER = com.osfalt.OpenWeatherTests;
				PRODUCT_NAME = "$(TARGET_NAME)";
				SWIFT_VERSION = 3.0;
				TARGETED_DEVICE_FAMILY = "1,2";
				TEST_HOST = "$(BUILT_PRODUCTS_DIR)/OpenWeather.app/OpenWeather";
			};
			name = Debug;
		};
		316737071F10244B00D554D7 /* Release */ = {
			isa = XCBuildConfiguration;
			baseConfigurationReference = BD2EF68290A6190C7E9598C8 /* Pods-OpenWeatherTests.release.xcconfig */;
			buildSettings = {
				ALWAYS_EMBED_SWIFT_STANDARD_LIBRARIES = "$(inherited)";
				BUNDLE_LOADER = "$(TEST_HOST)";
				DEVELOPMENT_TEAM = 8HJX262N96;
				INFOPLIST_FILE = OpenWeatherTests/Info.plist;
				LD_RUNPATH_SEARCH_PATHS = "$(inherited) @executable_path/Frameworks @loader_path/Frameworks";
				PRODUCT_BUNDLE_IDENTIFIER = com.osfalt.OpenWeatherTests;
				PRODUCT_NAME = "$(TARGET_NAME)";
				SWIFT_VERSION = 3.0;
				TARGETED_DEVICE_FAMILY = "1,2";
				TEST_HOST = "$(BUILT_PRODUCTS_DIR)/OpenWeather.app/OpenWeather";
			};
			name = Release;
		};
/* End XCBuildConfiguration section */

/* Begin XCConfigurationList section */
		316736DD1F10244B00D554D7 /* Build configuration list for PBXProject "OpenWeather" */ = {
			isa = XCConfigurationList;
			buildConfigurations = (
				316737001F10244B00D554D7 /* Debug */,
				316737011F10244B00D554D7 /* Release */,
			);
			defaultConfigurationIsVisible = 0;
			defaultConfigurationName = Release;
		};
		316737021F10244B00D554D7 /* Build configuration list for PBXNativeTarget "OpenWeather" */ = {
			isa = XCConfigurationList;
			buildConfigurations = (
				316737031F10244B00D554D7 /* Debug */,
				316737041F10244B00D554D7 /* Release */,
			);
			defaultConfigurationIsVisible = 0;
			defaultConfigurationName = Release;
		};
		316737051F10244B00D554D7 /* Build configuration list for PBXNativeTarget "OpenWeatherTests" */ = {
			isa = XCConfigurationList;
			buildConfigurations = (
				316737061F10244B00D554D7 /* Debug */,
				316737071F10244B00D554D7 /* Release */,
			);
			defaultConfigurationIsVisible = 0;
			defaultConfigurationName = Release;
		};
/* End XCConfigurationList section */

/* Begin XCVersionGroup section */
		316736EC1F10244B00D554D7 /* OpenWeather.xcdatamodeld */ = {
			isa = XCVersionGroup;
			children = (
				316736ED1F10244B00D554D7 /* OpenWeather.xcdatamodel */,
			);
			currentVersion = 316736ED1F10244B00D554D7 /* OpenWeather.xcdatamodel */;
			path = OpenWeather.xcdatamodeld;
			sourceTree = "<group>";
			versionGroupType = wrapper.xcdatamodel;
		};
/* End XCVersionGroup section */
	};
	rootObject = 316736DA1F10244B00D554D7 /* Project object */;
}
